
Microsoft Visual Studio Solution File, Format Version 12.00
# Visual Studio Version 16
VisualStudioVersion = 16.0.31321.278
MinimumVisualStudioVersion = 10.0.40219.1
Project("{FAE04EC0-301F-11D3-BF4B-00C04F79EFBC}") = "Esercizio 2", "Esercizio 2\Esercizio 2.csproj", "{2D439715-3699-432E-8EAE-7A841CB186E3}"
EndProject
Global
	GlobalSection(SolutionConfigurationPlatforms) = preSolution
		Debug|Any CPU = Debug|Any CPU
		Release|Any CPU = Release|Any CPU
	EndGlobalSection
	GlobalSection(ProjectConfigurationPlatforms) = postSolution
		{2D439715-3699-432E-8EAE-7A841CB186E3}.Debug|Any CPU.ActiveCfg = Debug|Any CPU
		{2D439715-3699-432E-8EAE-7A841CB186E3}.Debug|Any CPU.Build.0 = Debug|Any CPU
		{2D439715-3699-432E-8EAE-7A841CB186E3}.Release|Any CPU.ActiveCfg = Release|Any CPU
		{2D439715-3699-432E-8EAE-7A841CB186E3}.Release|Any CPU.Build.0 = Release|Any CPU
	EndGlobalSection
	GlobalSection(SolutionProperties) = preSolution
		HideSolutionNode = FALSE
	EndGlobalSection
	GlobalSection(ExtensibilityGlobals) = postSolution
		SolutionGuid = {62A8EFCE-8D86-44DD-8F19-1F1679860500}
	EndGlobalSection
EndGlobal
